
Microsoft Visual Studio Solution File, Format Version 12.00
# Visual Studio 15
VisualStudioVersion = 15.0.26228.10
MinimumVisualStudioVersion = 10.0.40219.1
Project("{FAE04EC0-301F-11D3-BF4B-00C04F79EFBC}") = "GesNaturaMVC", "GesNaturaMVC\GesNaturaMVC.csproj", "{7ECD56C6-6FD7-432B-A467-B5B4DEC115C2}"
EndProject
Project("{FAE04EC0-301F-11D3-BF4B-00C04F79EFBC}") = "GesNaturaMVC.Tests", "GesNaturaMVC.Tests\GesNaturaMVC.Tests.csproj", "{B2598FC1-3B16-4969-B196-57083356E20E}"
EndProject
Project("{FAE04EC0-301F-11D3-BF4B-00C04F79EFBC}") = "GesPhloraClassLibrary", "..\..\..\Documents\Visual Studio 2017\Projects\GesPhloraClassLibrary\GesPhloraClassLibrary\GesPhloraClassLibrary.csproj", "{70F35D35-31FB-4BF4-B6F8-56DCCFBF4388}"
EndProject
Global
	GlobalSection(SolutionConfigurationPlatforms) = preSolution
		Debug|Any CPU = Debug|Any CPU
		Release|Any CPU = Release|Any CPU
	EndGlobalSection
	GlobalSection(ProjectConfigurationPlatforms) = postSolution
		{7ECD56C6-6FD7-432B-A467-B5B4DEC115C2}.Debug|Any CPU.ActiveCfg = Debug|Any CPU
		{7ECD56C6-6FD7-432B-A467-B5B4DEC115C2}.Debug|Any CPU.Build.0 = Debug|Any CPU
		{7ECD56C6-6FD7-432B-A467-B5B4DEC115C2}.Release|Any CPU.ActiveCfg = Release|Any CPU
		{7ECD56C6-6FD7-432B-A467-B5B4DEC115C2}.Release|Any CPU.Build.0 = Release|Any CPU
		{B2598FC1-3B16-4969-B196-57083356E20E}.Debug|Any CPU.ActiveCfg = Debug|Any CPU
		{B2598FC1-3B16-4969-B196-57083356E20E}.Debug|Any CPU.Build.0 = Debug|Any CPU
		{B2598FC1-3B16-4969-B196-57083356E20E}.Release|Any CPU.ActiveCfg = Release|Any CPU
		{B2598FC1-3B16-4969-B196-57083356E20E}.Release|Any CPU.Build.0 = Release|Any CPU
		{70F35D35-31FB-4BF4-B6F8-56DCCFBF4388}.Debug|Any CPU.ActiveCfg = Debug|Any CPU
		{70F35D35-31FB-4BF4-B6F8-56DCCFBF4388}.Debug|Any CPU.Build.0 = Debug|Any CPU
		{70F35D35-31FB-4BF4-B6F8-56DCCFBF4388}.Release|Any CPU.ActiveCfg = Release|Any CPU
		{70F35D35-31FB-4BF4-B6F8-56DCCFBF4388}.Release|Any CPU.Build.0 = Release|Any CPU
	EndGlobalSection
	GlobalSection(SolutionProperties) = preSolution
		HideSolutionNode = FALSE
	EndGlobalSection
	GlobalSection(ExtensibilityGlobals) = postSolution
		SolutionGuid = {99943EAA-F957-437B-877E-161D127CFC4E}
	EndGlobalSection
EndGlobal
